// !$*UTF8*$!
{
	archiveVersion = 1;
	classes = {
	};
	objectVersion = 50;
	objects = {

/* Begin PBXBuildFile section */
		FA779D2B21AC059400AA2AB6 /* ViewControllerCollection.swift in Sources */ = {isa = PBXBuildFile; fileRef = FA779D2A21AC059400AA2AB6 /* ViewControllerCollection.swift */; };
		FA779D2D21AC05D000AA2AB6 /* CollectionViewCellPersonalizada.swift in Sources */ = {isa = PBXBuildFile; fileRef = FA779D2C21AC05D000AA2AB6 /* CollectionViewCellPersonalizada.swift */; };
		FA779D2F21AC05D000AA2AB6 /* ViewControllerDetalleCelda.swift in Sources */ = {isa = PBXBuildFile; fileRef = FA779D2E21AC05D000AA2AB6 /* ViewControllerDetalleCelda.swift */; };
		FA779D3321AC05D000AA2AB6 /* ViewControllerCollectionViewScroll.swift in Sources */ = {isa = PBXBuildFile; fileRef = FA779D3221AC05D000AA2AB6 /* ViewControllerCollectionViewScroll.swift */; };
		FADE156121A1764C000FF4AF /* AppDelegate.swift in Sources */ = {isa = PBXBuildFile; fileRef = FADE156021A1764C000FF4AF /* AppDelegate.swift */; };
		FADE156321A1764C000FF4AF /* ViewController.swift in Sources */ = {isa = PBXBuildFile; fileRef = FADE156221A1764C000FF4AF /* ViewController.swift */; };
		FADE156621A1764C000FF4AF /* Main.storyboard in Resources */ = {isa = PBXBuildFile; fileRef = FADE156421A1764C000FF4AF /* Main.storyboard */; };
		FADE156821A1764C000FF4AF /* Assets.xcassets in Resources */ = {isa = PBXBuildFile; fileRef = FADE156721A1764C000FF4AF /* Assets.xcassets */; };
		FADE156B21A1764D000FF4AF /* LaunchScreen.storyboard in Resources */ = {isa = PBXBuildFile; fileRef = FADE156921A1764D000FF4AF /* LaunchScreen.storyboard */; };
		FADE157621A1764D000FF4AF /* TableViewExampleTests.swift in Sources */ = {isa = PBXBuildFile; fileRef = FADE157521A1764D000FF4AF /* TableViewExampleTests.swift */; };
		FADE158121A1764D000FF4AF /* TableViewExampleUITests.swift in Sources */ = {isa = PBXBuildFile; fileRef = FADE158021A1764D000FF4AF /* TableViewExampleUITests.swift */; };
		FADE158F21A17705000FF4AF /* TableViewCellPersonalizada.swift in Sources */ = {isa = PBXBuildFile; fileRef = FADE158E21A17705000FF4AF /* TableViewCellPersonalizada.swift */; };
		FADE159121A177AA000FF4AF /* Categoria.swift in Sources */ = {isa = PBXBuildFile; fileRef = FADE159021A177AA000FF4AF /* Categoria.swift */; };
		FADE159321A177AA000FF4AF /* ViewControllerProducts.swift in Sources */ = {isa = PBXBuildFile; fileRef = FADE159221A177AA000FF4AF /* ViewControllerProducts.swift */; };
		FADE159521A177AA000FF4AF /* ViewControllerAdmin.swift in Sources */ = {isa = PBXBuildFile; fileRef = FADE159421A177AA000FF4AF /* ViewControllerAdmin.swift */; };
/* End PBXBuildFile section */

/* Begin PBXContainerItemProxy section */
		FADE157221A1764D000FF4AF /* PBXContainerItemProxy */ = {
			isa = PBXContainerItemProxy;
			containerPortal = FADE155521A1764B000FF4AF /* Project object */;
			proxyType = 1;
			remoteGlobalIDString = FADE155C21A1764C000FF4AF;
			remoteInfo = TableViewExample;
		};
		FADE157D21A1764D000FF4AF /* PBXContainerItemProxy */ = {
			isa = PBXContainerItemProxy;
			containerPortal = FADE155521A1764B000FF4AF /* Project object */;
			proxyType = 1;
			remoteGlobalIDString = FADE155C21A1764C000FF4AF;
			remoteInfo = TableViewExample;
		};
/* End PBXContainerItemProxy section */

/* Begin PBXFileReference section */
		FA779D2A21AC059400AA2AB6 /* ViewControllerCollection.swift */ = {isa = PBXFileReference; lastKnownFileType = sourcecode.swift; path = ViewControllerCollection.swift; sourceTree = "<group>"; };
		FA779D2C21AC05D000AA2AB6 /* CollectionViewCellPersonalizada.swift */ = {isa = PBXFileReference; lastKnownFileType = sourcecode.swift; path = CollectionViewCellPersonalizada.swift; sourceTree = "<group>"; };
		FA779D2E21AC05D000AA2AB6 /* ViewControllerDetalleCelda.swift */ = {isa = PBXFileReference; lastKnownFileType = sourcecode.swift; path = ViewControllerDetalleCelda.swift; sourceTree = "<group>"; };
		FA779D3221AC05D000AA2AB6 /* ViewControllerCollectionViewScroll.swift */ = {isa = PBXFileReference; lastKnownFileType = sourcecode.swift; path = ViewControllerCollectionViewScroll.swift; sourceTree = "<group>"; };
		FADE155D21A1764C000FF4AF /* TableViewExample.app */ = {isa = PBXFileReference; explicitFileType = wrapper.application; includeInIndex = 0; path = TableViewExample.app; sourceTree = BUILT_PRODUCTS_DIR; };
		FADE156021A1764C000FF4AF /* AppDelegate.swift */ = {isa = PBXFileReference; lastKnownFileType = sourcecode.swift; path = AppDelegate.swift; sourceTree = "<group>"; };
		FADE156221A1764C000FF4AF /* ViewController.swift */ = {isa = PBXFileReference; lastKnownFileType = sourcecode.swift; path = ViewController.swift; sourceTree = "<group>"; };
		FADE156521A1764C000FF4AF /* Base */ = {isa = PBXFileReference; lastKnownFileType = file.storyboard; name = Base; path = Base.lproj/Main.storyboard; sourceTree = "<group>"; };
		FADE156721A1764C000FF4AF /* Assets.xcassets */ = {isa = PBXFileReference; lastKnownFileType = folder.assetcatalog; path = Assets.xcassets; sourceTree = "<group>"; };
		FADE156A21A1764D000FF4AF /* Base */ = {isa = PBXFileReference; lastKnownFileType = file.storyboard; name = Base; path = Base.lproj/LaunchScreen.storyboard; sourceTree = "<group>"; };
		FADE156C21A1764D000FF4AF /* Info.plist */ = {isa = PBXFileReference; lastKnownFileType = text.plist.xml; path = Info.plist; sourceTree = "<group>"; };
		FADE157121A1764D000FF4AF /* TableViewExampleTests.xctest */ = {isa = PBXFileReference; explicitFileType = wrapper.cfbundle; includeInIndex = 0; path = TableViewExampleTests.xctest; sourceTree = BUILT_PRODUCTS_DIR; };
		FADE157521A1764D000FF4AF /* TableViewExampleTests.swift */ = {isa = PBXFileReference; lastKnownFileType = sourcecode.swift; path = TableViewExampleTests.swift; sourceTree = "<group>"; };
		FADE157721A1764D000FF4AF /* Info.plist */ = {isa = PBXFileReference; lastKnownFileType = text.plist.xml; path = Info.plist; sourceTree = "<group>"; };
		FADE157C21A1764D000FF4AF /* TableViewExampleUITests.xctest */ = {isa = PBXFileReference; explicitFileType = wrapper.cfbundle; includeInIndex = 0; path = TableViewExampleUITests.xctest; sourceTree = BUILT_PRODUCTS_DIR; };
		FADE158021A1764D000FF4AF /* TableViewExampleUITests.swift */ = {isa = PBXFileReference; lastKnownFileType = sourcecode.swift; path = TableViewExampleUITests.swift; sourceTree = "<group>"; };
		FADE158221A1764D000FF4AF /* Info.plist */ = {isa = PBXFileReference; lastKnownFileType = text.plist.xml; path = Info.plist; sourceTree = "<group>"; };
		FADE158E21A17705000FF4AF /* TableViewCellPersonalizada.swift */ = {isa = PBXFileReference; lastKnownFileType = sourcecode.swift; path = TableViewCellPersonalizada.swift; sourceTree = "<group>"; };
		FADE159021A177AA000FF4AF /* Categoria.swift */ = {isa = PBXFileReference; lastKnownFileType = sourcecode.swift; path = Categoria.swift; sourceTree = "<group>"; };
		FADE159221A177AA000FF4AF /* ViewControllerProducts.swift */ = {isa = PBXFileReference; lastKnownFileType = sourcecode.swift; path = ViewControllerProducts.swift; sourceTree = "<group>"; };
		FADE159421A177AA000FF4AF /* ViewControllerAdmin.swift */ = {isa = PBXFileReference; lastKnownFileType = sourcecode.swift; path = ViewControllerAdmin.swift; sourceTree = "<group>"; };
/* End PBXFileReference section */

/* Begin PBXFrameworksBuildPhase section */
		FADE155A21A1764C000FF4AF /* Frameworks */ = {
			isa = PBXFrameworksBuildPhase;
			buildActionMask = 2147483647;
			files = (
			);
			runOnlyForDeploymentPostprocessing = 0;
		};
		FADE156E21A1764D000FF4AF /* Frameworks */ = {
			isa = PBXFrameworksBuildPhase;
			buildActionMask = 2147483647;
			files = (
			);
			runOnlyForDeploymentPostprocessing = 0;
		};
		FADE157921A1764D000FF4AF /* Frameworks */ = {
			isa = PBXFrameworksBuildPhase;
			buildActionMask = 2147483647;
			files = (
			);
			runOnlyForDeploymentPostprocessing = 0;
		};
/* End PBXFrameworksBuildPhase section */

/* Begin PBXGroup section */
		FADE155421A1764B000FF4AF = {
			isa = PBXGroup;
			children = (
				FA779D3221AC05D000AA2AB6 /* ViewControllerCollectionViewScroll.swift */,
				FADE155F21A1764C000FF4AF /* TableViewExample */,
				FADE157421A1764D000FF4AF /* TableViewExampleTests */,
				FADE157F21A1764D000FF4AF /* TableViewExampleUITests */,
				FADE155E21A1764C000FF4AF /* Products */,
			);
			sourceTree = "<group>";
		};
		FADE155E21A1764C000FF4AF /* Products */ = {
			isa = PBXGroup;
			children = (
				FADE155D21A1764C000FF4AF /* TableViewExample.app */,
				FADE157121A1764D000FF4AF /* TableViewExampleTests.xctest */,
				FADE157C21A1764D000FF4AF /* TableViewExampleUITests.xctest */,
			);
			name = Products;
			sourceTree = "<group>";
		};
		FADE155F21A1764C000FF4AF /* TableViewExample */ = {
			isa = PBXGroup;
			children = (
				FADE156021A1764C000FF4AF /* AppDelegate.swift */,
				FA779D2E21AC05D000AA2AB6 /* ViewControllerDetalleCelda.swift */,
				FADE156221A1764C000FF4AF /* ViewController.swift */,
				FADE158E21A17705000FF4AF /* TableViewCellPersonalizada.swift */,
				FA779D2C21AC05D000AA2AB6 /* CollectionViewCellPersonalizada.swift */,
				FADE159221A177AA000FF4AF /* ViewControllerProducts.swift */,
				FADE159421A177AA000FF4AF /* ViewControllerAdmin.swift */,
				FA779D2A21AC059400AA2AB6 /* ViewControllerCollection.swift */,
				FADE159021A177AA000FF4AF /* Categoria.swift */,
				FADE156421A1764C000FF4AF /* Main.storyboard */,
				FADE156721A1764C000FF4AF /* Assets.xcassets */,
				FADE156921A1764D000FF4AF /* LaunchScreen.storyboard */,
				FADE156C21A1764D000FF4AF /* Info.plist */,
			);
			path = TableViewExample;
			sourceTree = "<group>";
		};
		FADE157421A1764D000FF4AF /* TableViewExampleTests */ = {
			isa = PBXGroup;
			children = (
				FADE157521A1764D000FF4AF /* TableViewExampleTests.swift */,
				FADE157721A1764D000FF4AF /* Info.plist */,
			);
			path = TableViewExampleTests;
			sourceTree = "<group>";
		};
		FADE157F21A1764D000FF4AF /* TableViewExampleUITests */ = {
			isa = PBXGroup;
			children = (
				FADE158021A1764D000FF4AF /* TableViewExampleUITests.swift */,
				FADE158221A1764D000FF4AF /* Info.plist */,
			);
			path = TableViewExampleUITests;
			sourceTree = "<group>";
		};
/* End PBXGroup section */

/* Begin PBXNativeTarget section */
		FADE155C21A1764C000FF4AF /* TableViewExample */ = {
			isa = PBXNativeTarget;
			buildConfigurationList = FADE158521A1764D000FF4AF /* Build configuration list for PBXNativeTarget "TableViewExample" */;
			buildPhases = (
				FADE155921A1764C000FF4AF /* Sources */,
				FADE155A21A1764C000FF4AF /* Frameworks */,
				FADE155B21A1764C000FF4AF /* Resources */,
			);
			buildRules = (
			);
			dependencies = (
			);
			name = TableViewExample;
			productName = TableViewExample;
			productReference = FADE155D21A1764C000FF4AF /* TableViewExample.app */;
			productType = "com.apple.product-type.application";
		};
		FADE157021A1764D000FF4AF /* TableViewExampleTests */ = {
			isa = PBXNativeTarget;
			buildConfigurationList = FADE158821A1764D000FF4AF /* Build configuration list for PBXNativeTarget "TableViewExampleTests" */;
			buildPhases = (
				FADE156D21A1764D000FF4AF /* Sources */,
				FADE156E21A1764D000FF4AF /* Frameworks */,
				FADE156F21A1764D000FF4AF /* Resources */,
			);
			buildRules = (
			);
			dependencies = (
				FADE157321A1764D000FF4AF /* PBXTargetDependency */,
			);
			name = TableViewExampleTests;
			productName = TableViewExampleTests;
			productReference = FADE157121A1764D000FF4AF /* TableViewExampleTests.xctest */;
			productType = "com.apple.product-type.bundle.unit-test";
		};
		FADE157B21A1764D000FF4AF /* TableViewExampleUITests */ = {
			isa = PBXNativeTarget;
			buildConfigurationList = FADE158B21A1764D000FF4AF /* Build configuration list for PBXNativeTarget "TableViewExampleUITests" */;
			buildPhases = (
				FADE157821A1764D000FF4AF /* Sources */,
				FADE157921A1764D000FF4AF /* Frameworks */,
				FADE157A21A1764D000FF4AF /* Resources */,
			);
			buildRules = (
			);
			dependencies = (
				FADE157E21A1764D000FF4AF /* PBXTargetDependency */,
			);
			name = TableViewExampleUITests;
			productName = TableViewExampleUITests;
			productReference = FADE157C21A1764D000FF4AF /* TableViewExampleUITests.xctest */;
			productType = "com.apple.product-type.bundle.ui-testing";
		};
/* End PBXNativeTarget section */

/* Begin PBXProject section */
		FADE155521A1764B000FF4AF /* Project object */ = {
			isa = PBXProject;
			attributes = {
				LastSwiftUpdateCheck = 1010;
				LastUpgradeCheck = 1010;
				ORGANIZATIONNAME = dmorenoar;
				TargetAttributes = {
					FADE155C21A1764C000FF4AF = {
						CreatedOnToolsVersion = 10.1;
					};
					FADE157021A1764D000FF4AF = {
						CreatedOnToolsVersion = 10.1;
						TestTargetID = FADE155C21A1764C000FF4AF;
					};
					FADE157B21A1764D000FF4AF = {
						CreatedOnToolsVersion = 10.1;
						TestTargetID = FADE155C21A1764C000FF4AF;
					};
				};
			};
			buildConfigurationList = FADE155821A1764B000FF4AF /* Build configuration list for PBXProject "TableViewExample" */;
			compatibilityVersion = "Xcode 9.3";
			developmentRegion = en;
			hasScannedForEncodings = 0;
			knownRegions = (
				en,
				Base,
			);
			mainGroup = FADE155421A1764B000FF4AF;
			productRefGroup = FADE155E21A1764C000FF4AF /* Products */;
			projectDirPath = "";
			projectRoot = "";
			targets = (
				FADE155C21A1764C000FF4AF /* TableViewExample */,
				FADE157021A1764D000FF4AF /* TableViewExampleTests */,
				FADE157B21A1764D000FF4AF /* TableViewExampleUITests */,
			);
		};
/* End PBXProject section */

/* Begin PBXResourcesBuildPhase section */
		FADE155B21A1764C000FF4AF /* Resources */ = {
			isa = PBXResourcesBuildPhase;
			buildActionMask = 2147483647;
			files = (
				FADE156B21A1764D000FF4AF /* LaunchScreen.storyboard in Resources */,
				FADE156821A1764C000FF4AF /* Assets.xcassets in Resources */,
				FADE156621A1764C000FF4AF /* Main.storyboard in Resources */,
			);
			runOnlyForDeploymentPostprocessing = 0;
		};
		FADE156F21A1764D000FF4AF /* Resources */ = {
			isa = PBXResourcesBuildPhase;
			buildActionMask = 2147483647;
			files = (
			);
			runOnlyForDeploymentPostprocessing = 0;
		};
		FADE157A21A1764D000FF4AF /* Resources */ = {
			isa = PBXResourcesBuildPhase;
			buildActionMask = 2147483647;
			files = (
			);
			runOnlyForDeploymentPostprocessing = 0;
		};
/* End PBXResourcesBuildPhase section */

/* Begin PBXSourcesBuildPhase section */
		FADE155921A1764C000FF4AF /* Sources */ = {
			isa = PBXSourcesBuildPhase;
			buildActionMask = 2147483647;
			files = (
				FADE158F21A17705000FF4AF /* TableViewCellPersonalizada.swift in Sources */,
				FADE159321A177AA000FF4AF /* ViewControllerProducts.swift in Sources */,
				FA779D3321AC05D000AA2AB6 /* ViewControllerCollectionViewScroll.swift in Sources */,
				FA779D2F21AC05D000AA2AB6 /* ViewControllerDetalleCelda.swift in Sources */,
				FADE159121A177AA000FF4AF /* Categoria.swift in Sources */,
				FA779D2B21AC059400AA2AB6 /* ViewControllerCollection.swift in Sources */,
				FA779D2D21AC05D000AA2AB6 /* CollectionViewCellPersonalizada.swift in Sources */,
				FADE156321A1764C000FF4AF /* ViewController.swift in Sources */,
				FADE159521A177AA000FF4AF /* ViewControllerAdmin.swift in Sources */,
				FADE156121A1764C000FF4AF /* AppDelegate.swift in Sources */,
			);
			runOnlyForDeploymentPostprocessing = 0;
		};
		FADE156D21A1764D000FF4AF /* Sources */ = {
			isa = PBXSourcesBuildPhase;
			buildActionMask = 2147483647;
			files = (
				FADE157621A1764D000FF4AF /* TableViewExampleTests.swift in Sources */,
			);
			runOnlyForDeploymentPostprocessing = 0;
		};
		FADE157821A1764D000FF4AF /* Sources */ = {
			isa = PBXSourcesBuildPhase;
			buildActionMask = 2147483647;
			files = (
				FADE158121A1764D000FF4AF /* TableViewExampleUITests.swift in Sources */,
			);
			runOnlyForDeploymentPostprocessing = 0;
		};
/* End PBXSourcesBuildPhase section */

/* Begin PBXTargetDependency section */
		FADE157321A1764D000FF4AF /* PBXTargetDependency */ = {
			isa = PBXTargetDependency;
			target = FADE155C21A1764C000FF4AF /* TableViewExample */;
			targetProxy = FADE157221A1764D000FF4AF /* PBXContainerItemProxy */;
		};
		FADE157E21A1764D000FF4AF /* PBXTargetDependency */ = {
			isa = PBXTargetDependency;
			target = FADE155C21A1764C000FF4AF /* TableViewExample */;
			targetProxy = FADE157D21A1764D000FF4AF /* PBXContainerItemProxy */;
		};
/* End PBXTargetDependency section */

/* Begin PBXVariantGroup section */
		FADE156421A1764C000FF4AF /* Main.storyboard */ = {
			isa = PBXVariantGroup;
			children = (
				FADE156521A1764C000FF4AF /* Base */,
			);
			name = Main.storyboard;
			sourceTree = "<group>";
		};
		FADE156921A1764D000FF4AF /* LaunchScreen.storyboard */ = {
			isa = PBXVariantGroup;
			children = (
				FADE156A21A1764D000FF4AF /* Base */,
			);
			name = LaunchScreen.storyboard;
			sourceTree = "<group>";
		};
/* End PBXVariantGroup section */

/* Begin XCBuildConfiguration section */
		FADE158321A1764D000FF4AF /* Debug */ = {
			isa = XCBuildConfiguration;
			buildSettings = {
				ALWAYS_SEARCH_USER_PATHS = NO;
				CLANG_ANALYZER_NONNULL = YES;
				CLANG_ANALYZER_NUMBER_OBJECT_CONVERSION = YES_AGGRESSIVE;
				CLANG_CXX_LANGUAGE_STANDARD = "gnu++14";
				CLANG_CXX_LIBRARY = "libc++";
				CLANG_ENABLE_MODULES = YES;
				CLANG_ENABLE_OBJC_ARC = YES;
				CLANG_ENABLE_OBJC_WEAK = YES;
				CLANG_WARN_BLOCK_CAPTURE_AUTORELEASING = YES;
				CLANG_WARN_BOOL_CONVERSION = YES;
				CLANG_WARN_COMMA = YES;
				CLANG_WARN_CONSTANT_CONVERSION = YES;
				CLANG_WARN_DEPRECATED_OBJC_IMPLEMENTATIONS = YES;
				CLANG_WARN_DIRECT_OBJC_ISA_USAGE = YES_ERROR;
				CLANG_WARN_DOCUMENTATION_COMMENTS = YES;
				CLANG_WARN_EMPTY_BODY = YES;
				CLANG_WARN_ENUM_CONVERSION = YES;
				CLANG_WARN_INFINITE_RECURSION = YES;
				CLANG_WARN_INT_CONVERSION = YES;
				CLANG_WARN_NON_LITERAL_NULL_CONVERSION = YES;
				CLANG_WARN_OBJC_IMPLICIT_RETAIN_SELF = YES;
				CLANG_WARN_OBJC_LITERAL_CONVERSION = YES;
				CLANG_WARN_OBJC_ROOT_CLASS = YES_ERROR;
				CLANG_WARN_RANGE_LOOP_ANALYSIS = YES;
				CLANG_WARN_STRICT_PROTOTYPES = YES;
				CLANG_WARN_SUSPICIOUS_MOVE = YES;
				CLANG_WARN_UNGUARDED_AVAILABILITY = YES_AGGRESSIVE;
				CLANG_WARN_UNREACHABLE_CODE = YES;
				CLANG_WARN__DUPLICATE_METHOD_MATCH = YES;
				CODE_SIGN_IDENTITY = "iPhone Developer";
				COPY_PHASE_STRIP = NO;
				DEBUG_INFORMATION_FORMAT = dwarf;
				ENABLE_STRICT_OBJC_MSGSEND = YES;
				ENABLE_TESTABILITY = YES;
				GCC_C_LANGUAGE_STANDARD = gnu11;
				GCC_DYNAMIC_NO_PIC = NO;
				GCC_NO_COMMON_BLOCKS = YES;
				GCC_OPTIMIZATION_LEVEL = 0;
				GCC_PREPROCESSOR_DEFINITIONS = (
					"DEBUG=1",
					"$(inherited)",
				);
				GCC_WARN_64_TO_32_BIT_CONVERSION = YES;
				GCC_WARN_ABOUT_RETURN_TYPE = YES_ERROR;
				GCC_WARN_UNDECLARED_SELECTOR = YES;
				GCC_WARN_UNINITIALIZED_AUTOS = YES_AGGRESSIVE;
				GCC_WARN_UNUSED_FUNCTION = YES;
				GCC_WARN_UNUSED_VARIABLE = YES;
				IPHONEOS_DEPLOYMENT_TARGET = 12.1;
				MTL_ENABLE_DEBUG_INFO = INCLUDE_SOURCE;
				MTL_FAST_MATH = YES;
				ONLY_ACTIVE_ARCH = YES;
				SDKROOT = iphoneos;
				SWIFT_ACTIVE_COMPILATION_CONDITIONS = DEBUG;
				SWIFT_OPTIMIZATION_LEVEL = "-Onone";
			};
			name = Debug;
		};
		FADE158421A1764D000FF4AF /* Release */ = {
			isa = XCBuildConfiguration;
			buildSettings = {
				ALWAYS_SEARCH_USER_PATHS = NO;
				CLANG_ANALYZER_NONNULL = YES;
				CLANG_ANALYZER_NUMBER_OBJECT_CONVERSION = YES_AGGRESSIVE;
				CLANG_CXX_LANGUAGE_STANDARD = "gnu++14";
				CLANG_CXX_LIBRARY = "libc++";
				CLANG_ENABLE_MODULES = YES;
				CLANG_ENABLE_OBJC_ARC = YES;
				CLANG_ENABLE_OBJC_WEAK = YES;
				CLANG_WARN_BLOCK_CAPTURE_AUTORELEASING = YES;
				CLANG_WARN_BOOL_CONVERSION = YES;
				CLANG_WARN_COMMA = YES;
				CLANG_WARN_CONSTANT_CONVERSION = YES;
				CLANG_WARN_DEPRECATED_OBJC_IMPLEMENTATIONS = YES;
				CLANG_WARN_DIRECT_OBJC_ISA_USAGE = YES_ERROR;
				CLANG_WARN_DOCUMENTATION_COMMENTS = YES;
				CLANG_WARN_EMPTY_BODY = YES;
				CLANG_WARN_ENUM_CONVERSION = YES;
				CLANG_WARN_INFINITE_RECURSION = YES;
				CLANG_WARN_INT_CONVERSION = YES;
				CLANG_WARN_NON_LITERAL_NULL_CONVERSION = YES;
				CLANG_WARN_OBJC_IMPLICIT_RETAIN_SELF = YES;
				CLANG_WARN_OBJC_LITERAL_CONVERSION = YES;
				CLANG_WARN_OBJC_ROOT_CLASS = YES_ERROR;
				CLANG_WARN_RANGE_LOOP_ANALYSIS = YES;
				CLANG_WARN_STRICT_PROTOTYPES = YES;
				CLANG_WARN_SUSPICIOUS_MOVE = YES;
				CLANG_WARN_UNGUARDED_AVAILABILITY = YES_AGGRESSIVE;
				CLANG_WARN_UNREACHABLE_CODE = YES;
				CLANG_WARN__DUPLICATE_METHOD_MATCH = YES;
				CODE_SIGN_IDENTITY = "iPhone Developer";
				COPY_PHASE_STRIP = NO;
				DEBUG_INFORMATION_FORMAT = "dwarf-with-dsym";
				ENABLE_NS_ASSERTIONS = NO;
				ENABLE_STRICT_OBJC_MSGSEND = YES;
				GCC_C_LANGUAGE_STANDARD = gnu11;
				GCC_NO_COMMON_BLOCKS = YES;
				GCC_WARN_64_TO_32_BIT_CONVERSION = YES;
				GCC_WARN_ABOUT_RETURN_TYPE = YES_ERROR;
				GCC_WARN_UNDECLARED_SELECTOR = YES;
				GCC_WARN_UNINITIALIZED_AUTOS = YES_AGGRESSIVE;
				GCC_WARN_UNUSED_FUNCTION = YES;
				GCC_WARN_UNUSED_VARIABLE = YES;
				IPHONEOS_DEPLOYMENT_TARGET = 12.1;
				MTL_ENABLE_DEBUG_INFO = NO;
				MTL_FAST_MATH = YES;
				SDKROOT = iphoneos;
				SWIFT_COMPILATION_MODE = wholemodule;
				SWIFT_OPTIMIZATION_LEVEL = "-O";
				VALIDATE_PRODUCT = YES;
			};
			name = Release;
		};
		FADE158621A1764D000FF4AF /* Debug */ = {
			isa = XCBuildConfiguration;
			buildSettings = {
				ASSETCATALOG_COMPILER_APPICON_NAME = AppIcon;
				CODE_SIGN_STYLE = Automatic;
				INFOPLIST_FILE = TableViewExample/Info.plist;
				LD_RUNPATH_SEARCH_PATHS = (
					"$(inherited)",
					"@executable_path/Frameworks",
				);
				PRODUCT_BUNDLE_IDENTIFIER = dmorenoar.stucom.TableViewExample;
				PRODUCT_NAME = "$(TARGET_NAME)";
				SWIFT_VERSION = 4.2;
				TARGETED_DEVICE_FAMILY = "1,2";
			};
			name = Debug;
		};
		FADE158721A1764D000FF4AF /* Release */ = {
			isa = XCBuildConfiguration;
			buildSettings = {
				ASSETCATALOG_COMPILER_APPICON_NAME = AppIcon;
				CODE_SIGN_STYLE = Automatic;
				INFOPLIST_FILE = TableViewExample/Info.plist;
				LD_RUNPATH_SEARCH_PATHS = (
					"$(inherited)",
					"@executable_path/Frameworks",
				);
				PRODUCT_BUNDLE_IDENTIFIER = dmorenoar.stucom.TableViewExample;
				PRODUCT_NAME = "$(TARGET_NAME)";
				SWIFT_VERSION = 4.2;
				TARGETED_DEVICE_FAMILY = "1,2";
			};
			name = Release;
		};
		FADE158921A1764D000FF4AF /* Debug */ = {
			isa = XCBuildConfiguration;
			buildSettings = {
				ALWAYS_EMBED_SWIFT_STANDARD_LIBRARIES = YES;
				BUNDLE_LOADER = "$(TEST_HOST)";
				CODE_SIGN_STYLE = Automatic;
				INFOPLIST_FILE = TableViewExampleTests/Info.plist;
				LD_RUNPATH_SEARCH_PATHS = (
					"$(inherited)",
					"@executable_path/Frameworks",
					"@loader_path/Frameworks",
				);
				PRODUCT_BUNDLE_IDENTIFIER = dmorenoar.stucom.TableViewExampleTests;
				PRODUCT_NAME = "$(TARGET_NAME)";
				SWIFT_VERSION = 4.2;
				TARGETED_DEVICE_FAMILY = "1,2";
				TEST_HOST = "$(BUILT_PRODUCTS_DIR)/TableViewExample.app/TableViewExample";
			};
			name = Debug;
		};
		FADE158A21A1764D000FF4AF /* Release */ = {
			isa = XCBuildConfiguration;
			buildSettings = {
				ALWAYS_EMBED_SWIFT_STANDARD_LIBRARIES = YES;
				BUNDLE_LOADER = "$(TEST_HOST)";
				CODE_SIGN_STYLE = Automatic;
				INFOPLIST_FILE = TableViewExampleTests/Info.plist;
				LD_RUNPATH_SEARCH_PATHS = (
					"$(inherited)",
					"@executable_path/Frameworks",
					"@loader_path/Frameworks",
				);
				PRODUCT_BUNDLE_IDENTIFIER = dmorenoar.stucom.TableViewExampleTests;
				PRODUCT_NAME = "$(TARGET_NAME)";
				SWIFT_VERSION = 4.2;
				TARGETED_DEVICE_FAMILY = "1,2";
				TEST_HOST = "$(BUILT_PRODUCTS_DIR)/TableViewExample.app/TableViewExample";
			};
			name = Release;
		};
		FADE158C21A1764D000FF4AF /* Debug */ = {
			isa = XCBuildConfiguration;
			buildSettings = {
				ALWAYS_EMBED_SWIFT_STANDARD_LIBRARIES = YES;
				CODE_SIGN_STYLE = Automatic;
				INFOPLIST_FILE = TableViewExampleUITests/Info.plist;
				LD_RUNPATH_SEARCH_PATHS = (
					"$(inherited)",
					"@executable_path/Frameworks",
					"@loader_path/Frameworks",
				);
				PRODUCT_BUNDLE_IDENTIFIER = dmorenoar.stucom.TableViewExampleUITests;
				PRODUCT_NAME = "$(TARGET_NAME)";
				SWIFT_VERSION = 4.2;
				TARGETED_DEVICE_FAMILY = "1,2";
				TEST_TARGET_NAME = TableViewExample;
			};
			name = Debug;
		};
		FADE158D21A1764D000FF4AF /* Release */ = {
			isa = XCBuildConfiguration;
			buildSettings = {
				ALWAYS_EMBED_SWIFT_STANDARD_LIBRARIES = YES;
				CODE_SIGN_STYLE = Automatic;
				INFOPLIST_FILE = TableViewExampleUITests/Info.plist;
				LD_RUNPATH_SEARCH_PATHS = (
					"$(inherited)",
					"@executable_path/Frameworks",
					"@loader_path/Frameworks",
				);
				PRODUCT_BUNDLE_IDENTIFIER = dmorenoar.stucom.TableViewExampleUITests;
				PRODUCT_NAME = "$(TARGET_NAME)";
				SWIFT_VERSION = 4.2;
				TARGETED_DEVICE_FAMILY = "1,2";
				TEST_TARGET_NAME = TableViewExample;
			};
			name = Release;
		};
/* End XCBuildConfiguration section */

/* Begin XCConfigurationList section */
		FADE155821A1764B000FF4AF /* Build configuration list for PBXProject "TableViewExample" */ = {
			isa = XCConfigurationList;
			buildConfigurations = (
				FADE158321A1764D000FF4AF /* Debug */,
				FADE158421A1764D000FF4AF /* Release */,
			);
			defaultConfigurationIsVisible = 0;
			defaultConfigurationName = Release;
		};
		FADE158521A1764D000FF4AF /* Build configuration list for PBXNativeTarget "TableViewExample" */ = {
			isa = XCConfigurationList;
			buildConfigurations = (
				FADE158621A1764D000FF4AF /* Debug */,
				FADE158721A1764D000FF4AF /* Release */,
			);
			defaultConfigurationIsVisible = 0;
			defaultConfigurationName = Release;
		};
		FADE158821A1764D000FF4AF /* Build configuration list for PBXNativeTarget "TableViewExampleTests" */ = {
			isa = XCConfigurationList;
			buildConfigurations = (
				FADE158921A1764D000FF4AF /* Debug */,
				FADE158A21A1764D000FF4AF /* Release */,
			);
			defaultConfigurationIsVisible = 0;
			defaultConfigurationName = Release;
		};
		FADE158B21A1764D000FF4AF /* Build configuration list for PBXNativeTarget "TableViewExampleUITests" */ = {
			isa = XCConfigurationList;
			buildConfigurations = (
				FADE158C21A1764D000FF4AF /* Debug */,
				FADE158D21A1764D000FF4AF /* Release */,
			);
			defaultConfigurationIsVisible = 0;
			defaultConfigurationName = Release;
		};
/* End XCConfigurationList section */
	};
	rootObject = FADE155521A1764B000FF4AF /* Project object */;
}
